
Microsoft Visual Studio Solution File, Format Version 12.00
# Visual Studio Version 17
VisualStudioVersion = 17.9.34723.18
MinimumVisualStudioVersion = 10.0.40219.1
Project("{9A19103F-16F7-4668-BE54-9A1E7A4F7556}") = "ServiceBricks.Cache", "src\V1\ServiceBricks.Cache\ServiceBricks.Cache.csproj", "{FFA1720D-0707-47B3-A535-AA12A4D413A6}"
EndProject
Project("{9A19103F-16F7-4668-BE54-9A1E7A4F7556}") = "ServiceBricks.Cache.AzureDataTables", "src\V1\ServiceBricks.Cache.AzureDataTables\ServiceBricks.Cache.AzureDataTables.csproj", "{190B8CFE-98EE-40B8-9919-4A6B2E83B15C}"
EndProject
Project("{9A19103F-16F7-4668-BE54-9A1E7A4F7556}") = "ServiceBricks.Cache.Cosmos", "src\V1\ServiceBricks.Cache.Cosmos\ServiceBricks.Cache.Cosmos.csproj", "{CDD5F5A1-134F-4874-98C7-C399493B23AC}"
EndProject
Project("{9A19103F-16F7-4668-BE54-9A1E7A4F7556}") = "ServiceBricks.Cache.EntityFrameworkCore", "src\V1\ServiceBricks.Cache.EntityFrameworkCore\ServiceBricks.Cache.EntityFrameworkCore.csproj", "{E0AD3F1C-AE5D-4687-B4E5-A6376A28B41F}"
EndProject
Project("{9A19103F-16F7-4668-BE54-9A1E7A4F7556}") = "ServiceBricks.Cache.InMemory", "src\V1\ServiceBricks.Cache.InMemory\ServiceBricks.Cache.InMemory.csproj", "{0A032801-0A8B-4210-AE52-5D07658F6900}"
EndProject
Project("{9A19103F-16F7-4668-BE54-9A1E7A4F7556}") = "ServiceBricks.Cache.MongoDb", "src\V1\ServiceBricks.Cache.MongoDb\ServiceBricks.Cache.MongoDb.csproj", "{B2CFD2FE-E39A-4B74-A8EB-89B2359A56BD}"
EndProject
Project("{9A19103F-16F7-4668-BE54-9A1E7A4F7556}") = "ServiceBricks.Cache.Postgres", "src\V1\ServiceBricks.Cache.Postgres\ServiceBricks.Cache.Postgres.csproj", "{A75D07B8-214B-40AB-8423-9E78272B90B2}"
EndProject
Project("{9A19103F-16F7-4668-BE54-9A1E7A4F7556}") = "ServiceBricks.Cache.Sqlite", "src\V1\ServiceBricks.Cache.Sqlite\ServiceBricks.Cache.Sqlite.csproj", "{C83894ED-21A5-49CA-9D4E-704759BCA530}"
EndProject
Project("{9A19103F-16F7-4668-BE54-9A1E7A4F7556}") = "ServiceBricks.Cache.SqlServer", "src\V1\ServiceBricks.Cache.SqlServer\ServiceBricks.Cache.SqlServer.csproj", "{72CDDF80-7850-458F-8AFF-E38FE1993D3B}"
EndProject
Project("{2150E333-8FDC-42A3-9474-1A3956D46DE8}") = "Tests", "Tests", "{FAFF233D-FB99-4FA7-A412-E58ED97CE3C2}"
EndProject
Project("{2150E333-8FDC-42A3-9474-1A3956D46DE8}") = "Net6", "Net6", "{3788051A-9941-4C44-9E4C-BC073F69DD2F}"
EndProject
Project("{2150E333-8FDC-42A3-9474-1A3956D46DE8}") = "Net7", "Net7", "{5BDC25FC-0304-43A5-B54F-6023F0E52821}"
EndProject
Project("{2150E333-8FDC-42A3-9474-1A3956D46DE8}") = "Net8", "Net8", "{2A107B89-703B-4FC1-B7CA-1EE63FC05110}"
EndProject
Project("{9A19103F-16F7-4668-BE54-9A1E7A4F7556}") = "MigrationsHost", "src\V1\Tests\MigrationsHost\MigrationsHost.csproj", "{078B2629-18C4-4290-A55F-ED3627FF5896}"
EndProject
Project("{9A19103F-16F7-4668-BE54-9A1E7A4F7556}") = "ServiceBricks.Cache.AzureDataTables.XunitNet6", "src\V1\Tests\ServiceBricks.Cache.AzureDataTables.XunitNet6\ServiceBricks.Cache.AzureDataTables.XunitNet6.csproj", "{34F309DE-8B9F-468D-B8DE-63B6766998E1}"
EndProject
Project("{9A19103F-16F7-4668-BE54-9A1E7A4F7556}") = "ServiceBricks.Cache.Client.XunitNet6", "src\V1\Tests\ServiceBricks.Cache.Client.XunitNet6\ServiceBricks.Cache.Client.XunitNet6.csproj", "{18F24456-D139-449E-8168-6589999945E5}"
EndProject
Project("{9A19103F-16F7-4668-BE54-9A1E7A4F7556}") = "ServiceBricks.Cache.Cosmos.XunitNet6", "src\V1\Tests\ServiceBricks.Cache.Cosmos.XunitNet6\ServiceBricks.Cache.Cosmos.XunitNet6.csproj", "{A7304446-FE6B-444D-B901-62C33991F440}"
EndProject
Project("{9A19103F-16F7-4668-BE54-9A1E7A4F7556}") = "ServiceBricks.Cache.InMemory.XunitNet6", "src\V1\Tests\ServiceBricks.Cache.InMemory.XunitNet6\ServiceBricks.Cache.InMemory.XunitNet6.csproj", "{6E6E081E-5D32-466B-B179-7D49A75527C9}"
EndProject
Project("{9A19103F-16F7-4668-BE54-9A1E7A4F7556}") = "ServiceBricks.Cache.MongoDb.XunitNet6", "src\V1\Tests\ServiceBricks.Cache.MongoDb.XunitNet6\ServiceBricks.Cache.MongoDb.XunitNet6.csproj", "{0617D182-90C7-4F8C-BA35-E09E8E8A9361}"
EndProject
Project("{9A19103F-16F7-4668-BE54-9A1E7A4F7556}") = "ServiceBricks.Cache.Postgres.XunitNet6", "src\V1\Tests\ServiceBricks.Cache.Postgres.XunitNet6\ServiceBricks.Cache.Postgres.XunitNet6.csproj", "{4A33F57C-F1A0-4FF7-BA18-EC03DD99D75B}"
EndProject
Project("{9A19103F-16F7-4668-BE54-9A1E7A4F7556}") = "ServiceBricks.Cache.Sqlite.XunitNet6", "src\V1\Tests\ServiceBricks.Cache.Sqlite.XunitNet6\ServiceBricks.Cache.Sqlite.XunitNet6.csproj", "{29A88E7E-C926-456E-92FB-7BEA70288EC1}"
EndProject
Project("{9A19103F-16F7-4668-BE54-9A1E7A4F7556}") = "ServiceBricks.Cache.SqlServer.XunitNet6", "src\V1\Tests\ServiceBricks.Cache.SqlServer.XunitNet6\ServiceBricks.Cache.SqlServer.XunitNet6.csproj", "{2023C930-9BC9-4759-9DC2-A0AF0807A1F8}"
EndProject
Project("{9A19103F-16F7-4668-BE54-9A1E7A4F7556}") = "WebAppNet6", "src\V1\Tests\WebAppNet6\WebAppNet6.csproj", "{8C66FD3C-46D5-44FD-AC28-D675CFFB51CB}"
EndProject
Project("{9A19103F-16F7-4668-BE54-9A1E7A4F7556}") = "ServiceBricks.Cache.AzureDataTables.XunitNet7", "src\V1\Tests\ServiceBricks.Cache.AzureDataTables.XunitNet7\ServiceBricks.Cache.AzureDataTables.XunitNet7.csproj", "{6AF71AEB-A3BD-4B84-81CD-2B91942AD144}"
EndProject
Project("{9A19103F-16F7-4668-BE54-9A1E7A4F7556}") = "ServiceBricks.Cache.Client.XunitNet7", "src\V1\Tests\ServiceBricks.Cache.Client.XunitNet7\ServiceBricks.Cache.Client.XunitNet7.csproj", "{C61C6D19-C469-49AE-9CE9-409716BFB647}"
EndProject
Project("{9A19103F-16F7-4668-BE54-9A1E7A4F7556}") = "ServiceBricks.Cache.Cosmos.XunitNet7", "src\V1\Tests\ServiceBricks.Cache.Cosmos.XunitNet7\ServiceBricks.Cache.Cosmos.XunitNet7.csproj", "{D103BB08-D7CF-469F-82B4-C4B89450CE5C}"
EndProject
Project("{9A19103F-16F7-4668-BE54-9A1E7A4F7556}") = "ServiceBricks.Cache.InMemory.XunitNet7", "src\V1\Tests\ServiceBricks.Cache.InMemory.XunitNet7\ServiceBricks.Cache.InMemory.XunitNet7.csproj", "{21B02B8D-E5DF-4A15-BE8B-DEF25E8C8C5C}"
EndProject
Project("{9A19103F-16F7-4668-BE54-9A1E7A4F7556}") = "ServiceBricks.Cache.MongoDb.XunitNet7", "src\V1\Tests\ServiceBricks.Cache.MongoDb.XunitNet7\ServiceBricks.Cache.MongoDb.XunitNet7.csproj", "{D7B3A1C2-7417-45FE-8693-5B6F2544ABEE}"
EndProject
Project("{9A19103F-16F7-4668-BE54-9A1E7A4F7556}") = "ServiceBricks.Cache.Postgres.XunitNet7", "src\V1\Tests\ServiceBricks.Cache.Postgres.XunitNet7\ServiceBricks.Cache.Postgres.XunitNet7.csproj", "{81EB9E1F-7D46-41D9-9A5E-1E3284A9EC26}"
EndProject
Project("{9A19103F-16F7-4668-BE54-9A1E7A4F7556}") = "ServiceBricks.Cache.Sqlite.XunitNet7", "src\V1\Tests\ServiceBricks.Cache.Sqlite.XunitNet7\ServiceBricks.Cache.Sqlite.XunitNet7.csproj", "{6EDF07F2-0749-4081-A9FD-CB0A1C87AAF2}"
EndProject
Project("{9A19103F-16F7-4668-BE54-9A1E7A4F7556}") = "ServiceBricks.Cache.XunitNet7", "src\V1\Tests\ServiceBricks.Cache.XunitNet7\ServiceBricks.Cache.XunitNet7.csproj", "{78A6D452-4CE5-49A9-9DAA-095F38746D2F}"
EndProject
Project("{9A19103F-16F7-4668-BE54-9A1E7A4F7556}") = "ServiceBricks.Cache.SqlServer.XunitNet7", "src\V1\Tests\ServiceBricks.Cache.SqlServer.XunitNet7\ServiceBricks.Cache.SqlServer.XunitNet7.csproj", "{F32231FC-6087-4481-9293-0EA27C0EFA9E}"
EndProject
Project("{9A19103F-16F7-4668-BE54-9A1E7A4F7556}") = "WebAppNet7", "src\V1\Tests\WebAppNet7\WebAppNet7.csproj", "{555621C5-0D9E-418B-BCFF-DDF268C7ADC6}"
EndProject
Project("{9A19103F-16F7-4668-BE54-9A1E7A4F7556}") = "ServiceBricks.Cache.AzureDataTables.XunitNet8", "src\V1\Tests\ServiceBricks.Cache.AzureDataTables.XunitNet8\ServiceBricks.Cache.AzureDataTables.XunitNet8.csproj", "{CFAFD997-CAD6-48A9-8FDA-2825AE4E4B66}"
EndProject
Project("{9A19103F-16F7-4668-BE54-9A1E7A4F7556}") = "ServiceBricks.Cache.Client.XunitNet8", "src\V1\Tests\ServiceBricks.Cache.Client.XunitNet8\ServiceBricks.Cache.Client.XunitNet8.csproj", "{E628D8AC-088E-48F7-8645-6BB42B693872}"
EndProject
Project("{9A19103F-16F7-4668-BE54-9A1E7A4F7556}") = "ServiceBricks.Cache.Cosmos.XunitNet8", "src\V1\Tests\ServiceBricks.Cache.Cosmos.XunitNet8\ServiceBricks.Cache.Cosmos.XunitNet8.csproj", "{54AE8287-ECE2-4ECE-9CD4-0DC3C9EDEE15}"
EndProject
Project("{9A19103F-16F7-4668-BE54-9A1E7A4F7556}") = "ServiceBricks.Cache.InMemory.XunitNet8", "src\V1\Tests\ServiceBricks.Cache.InMemory.XunitNet8\ServiceBricks.Cache.InMemory.XunitNet8.csproj", "{CE5118BF-B5E2-48C1-BCF4-DC67A2F55BCC}"
EndProject
Project("{9A19103F-16F7-4668-BE54-9A1E7A4F7556}") = "ServiceBricks.Cache.MongoDb.XunitNet8", "src\V1\Tests\ServiceBricks.Cache.MongoDb.XunitNet8\ServiceBricks.Cache.MongoDb.XunitNet8.csproj", "{00999646-E5AB-4F3B-853E-05017618DD83}"
EndProject
Project("{9A19103F-16F7-4668-BE54-9A1E7A4F7556}") = "ServiceBricks.Cache.Postgres.XunitNet8", "src\V1\Tests\ServiceBricks.Cache.Postgres.XunitNet8\ServiceBricks.Cache.Postgres.XunitNet8.csproj", "{97DC9BE7-D491-41AF-A575-848AD79B7191}"
EndProject
Project("{9A19103F-16F7-4668-BE54-9A1E7A4F7556}") = "ServiceBricks.Cache.Sqlite.XunitNet8", "src\V1\Tests\ServiceBricks.Cache.Sqlite.XunitNet8\ServiceBricks.Cache.Sqlite.XunitNet8.csproj", "{62397E33-3EC6-4B8B-BFB6-0C48E961F7AB}"
EndProject
Project("{9A19103F-16F7-4668-BE54-9A1E7A4F7556}") = "ServiceBricks.Cache.SqlServer.XunitNet8", "src\V1\Tests\ServiceBricks.Cache.SqlServer.XunitNet8\ServiceBricks.Cache.SqlServer.XunitNet8.csproj", "{DC681B86-97A8-4410-8ABA-A9AFC99B8C25}"
EndProject
Project("{9A19103F-16F7-4668-BE54-9A1E7A4F7556}") = "ServiceBricks.Cache.XunitNet8", "src\V1\Tests\ServiceBricks.Cache.XunitNet8\ServiceBricks.Cache.XunitNet8.csproj", "{C836AEFC-1E29-4901-B3EE-A06296EC94EE}"
EndProject
Project("{9A19103F-16F7-4668-BE54-9A1E7A4F7556}") = "WebAppNet8", "src\V1\Tests\WebAppNet8\WebAppNet8.csproj", "{75B2418D-22F1-447A-B95C-49233B864D31}"
EndProject
Project("{9A19103F-16F7-4668-BE54-9A1E7A4F7556}") = "ServiceBricks.Cache.XunitNet6", "src\V1\Tests\ServiceBricks.Cache.XunitNet6\ServiceBricks.Cache.XunitNet6.csproj", "{973BD18A-86A0-4F55-A624-6F66519B12A6}"
EndProject
Project("{9A19103F-16F7-4668-BE54-9A1E7A4F7556}") = "ServiceBricks.Cache.Microservice", "src\V1\ServiceBricks.Cache.Microservice\ServiceBricks.Cache.Microservice.csproj", "{F7B7F3B2-7A30-482A-A9A5-CCF3DAEB4A76}"
EndProject
Project("{2150E333-8FDC-42A3-9474-1A3956D46DE8}") = "Net9", "Net9", "{4792F5F1-BDD8-431B-828E-0035791CF035}"
EndProject
Project("{FAE04EC0-301F-11D3-BF4B-00C04F79EFBC}") = "ServiceBricks.Cache.AzureDataTables.XunitNet9", "src\V1\Tests\ServiceBricks.Cache.AzureDataTables.XunitNet9\ServiceBricks.Cache.AzureDataTables.XunitNet9.csproj", "{29D705AE-0C96-433D-ACF5-0A37B095DF28}"
EndProject
Project("{FAE04EC0-301F-11D3-BF4B-00C04F79EFBC}") = "ServiceBricks.Cache.Client.XunitNet9", "src\V1\Tests\ServiceBricks.Cache.Client.XunitNet9\ServiceBricks.Cache.Client.XunitNet9.csproj", "{DCEF54FB-E227-4992-8FDF-4BC7AAD69154}"
EndProject
Project("{FAE04EC0-301F-11D3-BF4B-00C04F79EFBC}") = "ServiceBricks.Cache.Cosmos.XunitNet9", "src\V1\Tests\ServiceBricks.Cache.Cosmos.XunitNet9\ServiceBricks.Cache.Cosmos.XunitNet9.csproj", "{C2647AED-0576-4C04-821D-18D3C1086EE4}"
EndProject
Project("{FAE04EC0-301F-11D3-BF4B-00C04F79EFBC}") = "ServiceBricks.Cache.InMemory.XunitNet9", "src\V1\Tests\ServiceBricks.Cache.InMemory.XunitNet9\ServiceBricks.Cache.InMemory.XunitNet9.csproj", "{78F48946-B740-4D5F-9BD9-7F91B1AC3C73}"
EndProject
Project("{FAE04EC0-301F-11D3-BF4B-00C04F79EFBC}") = "ServiceBricks.Cache.MongoDb.XunitNet9", "src\V1\Tests\ServiceBricks.Cache.MongoDb.XunitNet9\ServiceBricks.Cache.MongoDb.XunitNet9.csproj", "{435207BC-6ABF-4E71-8E9F-E5D12228A5CF}"
EndProject
Project("{FAE04EC0-301F-11D3-BF4B-00C04F79EFBC}") = "ServiceBricks.Cache.Postgres.XunitNet9", "src\V1\Tests\ServiceBricks.Cache.Postgres.XunitNet9\ServiceBricks.Cache.Postgres.XunitNet9.csproj", "{68FDB266-6AC3-4418-833A-CC84067DF737}"
EndProject
Project("{FAE04EC0-301F-11D3-BF4B-00C04F79EFBC}") = "ServiceBricks.Cache.Sqlite.XunitNet9", "src\V1\Tests\ServiceBricks.Cache.Sqlite.XunitNet9\ServiceBricks.Cache.Sqlite.XunitNet9.csproj", "{297E5DAF-9B29-4249-8DD1-85A6012E58BE}"
EndProject
Project("{FAE04EC0-301F-11D3-BF4B-00C04F79EFBC}") = "ServiceBricks.Cache.SqlServer.XunitNet9", "src\V1\Tests\ServiceBricks.Cache.SqlServer.XunitNet9\ServiceBricks.Cache.SqlServer.XunitNet9.csproj", "{CA332462-763C-4AF7-9FEB-B45122A93514}"
EndProject
Project("{FAE04EC0-301F-11D3-BF4B-00C04F79EFBC}") = "ServiceBricks.Cache.XunitNet9", "src\V1\Tests\ServiceBricks.Cache.XunitNet9\ServiceBricks.Cache.XunitNet9.csproj", "{F816A557-0B64-435E-BD66-25182664E4D4}"
EndProject
Project("{FAE04EC0-301F-11D3-BF4B-00C04F79EFBC}") = "WebAppNet9", "src\V1\Tests\WebAppNet9\WebAppNet9.csproj", "{35F68E59-3F8C-495C-A10F-780FD9942384}"
EndProject
Project("{2150E333-8FDC-42A3-9474-1A3956D46DE8}") = "Net10", "Net10", "{02EA681E-C7D8-13C7-8484-4AC65E1B71E8}"
EndProject
Project("{FAE04EC0-301F-11D3-BF4B-00C04F79EFBC}") = "ServiceBricks.Cache.AzureDataTables.XunitNet10", "src\V1\Tests\ServiceBricks.Cache.AzureDataTables.XunitNet10\ServiceBricks.Cache.AzureDataTables.XunitNet10.csproj", "{70612DC5-2B40-18B0-CC06-16447F5E0FB2}"
EndProject
Project("{FAE04EC0-301F-11D3-BF4B-00C04F79EFBC}") = "ServiceBricks.Cache.Client.XunitNet10", "src\V1\Tests\ServiceBricks.Cache.Client.XunitNet10\ServiceBricks.Cache.Client.XunitNet10.csproj", "{657323D3-C72C-0372-5353-A1670B905F22}"
EndProject
Project("{FAE04EC0-301F-11D3-BF4B-00C04F79EFBC}") = "ServiceBricks.Cache.Cosmos.XunitNet10", "src\V1\Tests\ServiceBricks.Cache.Cosmos.XunitNet10\ServiceBricks.Cache.Cosmos.XunitNet10.csproj", "{4510347E-C3CD-9034-E372-BD935FD8738D}"
EndProject
Project("{FAE04EC0-301F-11D3-BF4B-00C04F79EFBC}") = "ServiceBricks.Cache.InMemory.XunitNet10", "src\V1\Tests\ServiceBricks.Cache.InMemory.XunitNet10\ServiceBricks.Cache.InMemory.XunitNet10.csproj", "{D1C95CA5-F9D6-6B67-4715-2D21579309F3}"
EndProject
Project("{FAE04EC0-301F-11D3-BF4B-00C04F79EFBC}") = "ServiceBricks.Cache.MongoDb.XunitNet10", "src\V1\Tests\ServiceBricks.Cache.MongoDb.XunitNet10\ServiceBricks.Cache.MongoDb.XunitNet10.csproj", "{581FF766-E335-EE34-35D0-2648FC4D3CC1}"
EndProject
Project("{FAE04EC0-301F-11D3-BF4B-00C04F79EFBC}") = "ServiceBricks.Cache.Postgres.XunitNet10", "src\V1\Tests\ServiceBricks.Cache.Postgres.XunitNet10\ServiceBricks.Cache.Postgres.XunitNet10.csproj", "{4D6FF44F-D7D8-5608-CBBF-A7C906C7EB50}"
EndProject
Project("{FAE04EC0-301F-11D3-BF4B-00C04F79EFBC}") = "ServiceBricks.Cache.Sqlite.XunitNet10", "src\V1\Tests\ServiceBricks.Cache.Sqlite.XunitNet10\ServiceBricks.Cache.Sqlite.XunitNet10.csproj", "{4152E4AE-9470-460D-8A11-D83CA0931D78}"
EndProject
Project("{FAE04EC0-301F-11D3-BF4B-00C04F79EFBC}") = "ServiceBricks.Cache.SqlServer.XunitNet10", "src\V1\Tests\ServiceBricks.Cache.SqlServer.XunitNet10\ServiceBricks.Cache.SqlServer.XunitNet10.csproj", "{5A53D276-3C45-0C43-BD2D-194CB93BD5C4}"
EndProject
Project("{FAE04EC0-301F-11D3-BF4B-00C04F79EFBC}") = "ServiceBricks.Cache.XunitNet10", "src\V1\Tests\ServiceBricks.Cache.XunitNet10\ServiceBricks.Cache.XunitNet10.csproj", "{934A2FAB-3AEF-3A58-19D4-DABC238218FE}"
EndProject
Project("{FAE04EC0-301F-11D3-BF4B-00C04F79EFBC}") = "WebAppNet10", "src\V1\Tests\WebAppNet10\WebAppNet10.csproj", "{55FA1428-DD3A-2F2B-74DD-4C7F1F7D7CEC}"
EndProject
Global
	GlobalSection(SolutionConfigurationPlatforms) = preSolution
		Debug|Any CPU = Debug|Any CPU
		Release|Any CPU = Release|Any CPU
	EndGlobalSection
	GlobalSection(ProjectConfigurationPlatforms) = postSolution
		{FFA1720D-0707-47B3-A535-AA12A4D413A6}.Debug|Any CPU.ActiveCfg = Debug|Any CPU
		{FFA1720D-0707-47B3-A535-AA12A4D413A6}.Debug|Any CPU.Build.0 = Debug|Any CPU
		{FFA1720D-0707-47B3-A535-AA12A4D413A6}.Release|Any CPU.ActiveCfg = Release|Any CPU
		{FFA1720D-0707-47B3-A535-AA12A4D413A6}.Release|Any CPU.Build.0 = Release|Any CPU
		{190B8CFE-98EE-40B8-9919-4A6B2E83B15C}.Debug|Any CPU.ActiveCfg = Debug|Any CPU
		{190B8CFE-98EE-40B8-9919-4A6B2E83B15C}.Debug|Any CPU.Build.0 = Debug|Any CPU
		{190B8CFE-98EE-40B8-9919-4A6B2E83B15C}.Release|Any CPU.ActiveCfg = Release|Any CPU
		{190B8CFE-98EE-40B8-9919-4A6B2E83B15C}.Release|Any CPU.Build.0 = Release|Any CPU
		{CDD5F5A1-134F-4874-98C7-C399493B23AC}.Debug|Any CPU.ActiveCfg = Debug|Any CPU
		{CDD5F5A1-134F-4874-98C7-C399493B23AC}.Debug|Any CPU.Build.0 = Debug|Any CPU
		{CDD5F5A1-134F-4874-98C7-C399493B23AC}.Release|Any CPU.ActiveCfg = Release|Any CPU
		{CDD5F5A1-134F-4874-98C7-C399493B23AC}.Release|Any CPU.Build.0 = Release|Any CPU
		{E0AD3F1C-AE5D-4687-B4E5-A6376A28B41F}.Debug|Any CPU.ActiveCfg = Debug|Any CPU
		{E0AD3F1C-AE5D-4687-B4E5-A6376A28B41F}.Debug|Any CPU.Build.0 = Debug|Any CPU
		{E0AD3F1C-AE5D-4687-B4E5-A6376A28B41F}.Release|Any CPU.ActiveCfg = Release|Any CPU
		{E0AD3F1C-AE5D-4687-B4E5-A6376A28B41F}.Release|Any CPU.Build.0 = Release|Any CPU
		{0A032801-0A8B-4210-AE52-5D07658F6900}.Debug|Any CPU.ActiveCfg = Debug|Any CPU
		{0A032801-0A8B-4210-AE52-5D07658F6900}.Debug|Any CPU.Build.0 = Debug|Any CPU
		{0A032801-0A8B-4210-AE52-5D07658F6900}.Release|Any CPU.ActiveCfg = Release|Any CPU
		{0A032801-0A8B-4210-AE52-5D07658F6900}.Release|Any CPU.Build.0 = Release|Any CPU
		{B2CFD2FE-E39A-4B74-A8EB-89B2359A56BD}.Debug|Any CPU.ActiveCfg = Debug|Any CPU
		{B2CFD2FE-E39A-4B74-A8EB-89B2359A56BD}.Debug|Any CPU.Build.0 = Debug|Any CPU
		{B2CFD2FE-E39A-4B74-A8EB-89B2359A56BD}.Release|Any CPU.ActiveCfg = Release|Any CPU
		{B2CFD2FE-E39A-4B74-A8EB-89B2359A56BD}.Release|Any CPU.Build.0 = Release|Any CPU
		{A75D07B8-214B-40AB-8423-9E78272B90B2}.Debug|Any CPU.ActiveCfg = Debug|Any CPU
		{A75D07B8-214B-40AB-8423-9E78272B90B2}.Debug|Any CPU.Build.0 = Debug|Any CPU
		{A75D07B8-214B-40AB-8423-9E78272B90B2}.Release|Any CPU.ActiveCfg = Release|Any CPU
		{A75D07B8-214B-40AB-8423-9E78272B90B2}.Release|Any CPU.Build.0 = Release|Any CPU
		{C83894ED-21A5-49CA-9D4E-704759BCA530}.Debug|Any CPU.ActiveCfg = Debug|Any CPU
		{C83894ED-21A5-49CA-9D4E-704759BCA530}.Debug|Any CPU.Build.0 = Debug|Any CPU
		{C83894ED-21A5-49CA-9D4E-704759BCA530}.Release|Any CPU.ActiveCfg = Release|Any CPU
		{C83894ED-21A5-49CA-9D4E-704759BCA530}.Release|Any CPU.Build.0 = Release|Any CPU
		{72CDDF80-7850-458F-8AFF-E38FE1993D3B}.Debug|Any CPU.ActiveCfg = Debug|Any CPU
		{72CDDF80-7850-458F-8AFF-E38FE1993D3B}.Debug|Any CPU.Build.0 = Debug|Any CPU
		{72CDDF80-7850-458F-8AFF-E38FE1993D3B}.Release|Any CPU.ActiveCfg = Release|Any CPU
		{72CDDF80-7850-458F-8AFF-E38FE1993D3B}.Release|Any CPU.Build.0 = Release|Any CPU
		{078B2629-18C4-4290-A55F-ED3627FF5896}.Debug|Any CPU.ActiveCfg = Debug|Any CPU
		{078B2629-18C4-4290-A55F-ED3627FF5896}.Debug|Any CPU.Build.0 = Debug|Any CPU
		{078B2629-18C4-4290-A55F-ED3627FF5896}.Release|Any CPU.ActiveCfg = Release|Any CPU
		{078B2629-18C4-4290-A55F-ED3627FF5896}.Release|Any CPU.Build.0 = Release|Any CPU
		{34F309DE-8B9F-468D-B8DE-63B6766998E1}.Debug|Any CPU.ActiveCfg = Debug|Any CPU
		{34F309DE-8B9F-468D-B8DE-63B6766998E1}.Debug|Any CPU.Build.0 = Debug|Any CPU
		{34F309DE-8B9F-468D-B8DE-63B6766998E1}.Release|Any CPU.ActiveCfg = Release|Any CPU
		{34F309DE-8B9F-468D-B8DE-63B6766998E1}.Release|Any CPU.Build.0 = Release|Any CPU
		{18F24456-D139-449E-8168-6589999945E5}.Debug|Any CPU.ActiveCfg = Debug|Any CPU
		{18F24456-D139-449E-8168-6589999945E5}.Debug|Any CPU.Build.0 = Debug|Any CPU
		{18F24456-D139-449E-8168-6589999945E5}.Release|Any CPU.ActiveCfg = Release|Any CPU
		{18F24456-D139-449E-8168-6589999945E5}.Release|Any CPU.Build.0 = Release|Any CPU
		{A7304446-FE6B-444D-B901-62C33991F440}.Debug|Any CPU.ActiveCfg = Debug|Any CPU
		{A7304446-FE6B-444D-B901-62C33991F440}.Debug|Any CPU.Build.0 = Debug|Any CPU
		{A7304446-FE6B-444D-B901-62C33991F440}.Release|Any CPU.ActiveCfg = Release|Any CPU
		{A7304446-FE6B-444D-B901-62C33991F440}.Release|Any CPU.Build.0 = Release|Any CPU
		{6E6E081E-5D32-466B-B179-7D49A75527C9}.Debug|Any CPU.ActiveCfg = Debug|Any CPU
		{6E6E081E-5D32-466B-B179-7D49A75527C9}.Debug|Any CPU.Build.0 = Debug|Any CPU
		{6E6E081E-5D32-466B-B179-7D49A75527C9}.Release|Any CPU.ActiveCfg = Release|Any CPU
		{6E6E081E-5D32-466B-B179-7D49A75527C9}.Release|Any CPU.Build.0 = Release|Any CPU
		{0617D182-90C7-4F8C-BA35-E09E8E8A9361}.Debug|Any CPU.ActiveCfg = Debug|Any CPU
		{0617D182-90C7-4F8C-BA35-E09E8E8A9361}.Debug|Any CPU.Build.0 = Debug|Any CPU
		{0617D182-90C7-4F8C-BA35-E09E8E8A9361}.Release|Any CPU.ActiveCfg = Release|Any CPU
		{0617D182-90C7-4F8C-BA35-E09E8E8A9361}.Release|Any CPU.Build.0 = Release|Any CPU
		{4A33F57C-F1A0-4FF7-BA18-EC03DD99D75B}.Debug|Any CPU.ActiveCfg = Debug|Any CPU
		{4A33F57C-F1A0-4FF7-BA18-EC03DD99D75B}.Debug|Any CPU.Build.0 = Debug|Any CPU
		{4A33F57C-F1A0-4FF7-BA18-EC03DD99D75B}.Release|Any CPU.ActiveCfg = Release|Any CPU
		{4A33F57C-F1A0-4FF7-BA18-EC03DD99D75B}.Release|Any CPU.Build.0 = Release|Any CPU
		{29A88E7E-C926-456E-92FB-7BEA70288EC1}.Debug|Any CPU.ActiveCfg = Debug|Any CPU
		{29A88E7E-C926-456E-92FB-7BEA70288EC1}.Debug|Any CPU.Build.0 = Debug|Any CPU
		{29A88E7E-C926-456E-92FB-7BEA70288EC1}.Release|Any CPU.ActiveCfg = Release|Any CPU
		{29A88E7E-C926-456E-92FB-7BEA70288EC1}.Release|Any CPU.Build.0 = Release|Any CPU
		{2023C930-9BC9-4759-9DC2-A0AF0807A1F8}.Debug|Any CPU.ActiveCfg = Debug|Any CPU
		{2023C930-9BC9-4759-9DC2-A0AF0807A1F8}.Debug|Any CPU.Build.0 = Debug|Any CPU
		{2023C930-9BC9-4759-9DC2-A0AF0807A1F8}.Release|Any CPU.ActiveCfg = Release|Any CPU
		{2023C930-9BC9-4759-9DC2-A0AF0807A1F8}.Release|Any CPU.Build.0 = Release|Any CPU
		{8C66FD3C-46D5-44FD-AC28-D675CFFB51CB}.Debug|Any CPU.ActiveCfg = Debug|Any CPU
		{8C66FD3C-46D5-44FD-AC28-D675CFFB51CB}.Debug|Any CPU.Build.0 = Debug|Any CPU
		{8C66FD3C-46D5-44FD-AC28-D675CFFB51CB}.Release|Any CPU.ActiveCfg = Release|Any CPU
		{8C66FD3C-46D5-44FD-AC28-D675CFFB51CB}.Release|Any CPU.Build.0 = Release|Any CPU
		{6AF71AEB-A3BD-4B84-81CD-2B91942AD144}.Debug|Any CPU.ActiveCfg = Debug|Any CPU
		{6AF71AEB-A3BD-4B84-81CD-2B91942AD144}.Debug|Any CPU.Build.0 = Debug|Any CPU
		{6AF71AEB-A3BD-4B84-81CD-2B91942AD144}.Release|Any CPU.ActiveCfg = Release|Any CPU
		{6AF71AEB-A3BD-4B84-81CD-2B91942AD144}.Release|Any CPU.Build.0 = Release|Any CPU
		{C61C6D19-C469-49AE-9CE9-409716BFB647}.Debug|Any CPU.ActiveCfg = Debug|Any CPU
		{C61C6D19-C469-49AE-9CE9-409716BFB647}.Debug|Any CPU.Build.0 = Debug|Any CPU
		{C61C6D19-C469-49AE-9CE9-409716BFB647}.Release|Any CPU.ActiveCfg = Release|Any CPU
		{C61C6D19-C469-49AE-9CE9-409716BFB647}.Release|Any CPU.Build.0 = Release|Any CPU
		{D103BB08-D7CF-469F-82B4-C4B89450CE5C}.Debug|Any CPU.ActiveCfg = Debug|Any CPU
		{D103BB08-D7CF-469F-82B4-C4B89450CE5C}.Debug|Any CPU.Build.0 = Debug|Any CPU
		{D103BB08-D7CF-469F-82B4-C4B89450CE5C}.Release|Any CPU.ActiveCfg = Release|Any CPU
		{D103BB08-D7CF-469F-82B4-C4B89450CE5C}.Release|Any CPU.Build.0 = Release|Any CPU
		{21B02B8D-E5DF-4A15-BE8B-DEF25E8C8C5C}.Debug|Any CPU.ActiveCfg = Debug|Any CPU
		{21B02B8D-E5DF-4A15-BE8B-DEF25E8C8C5C}.Debug|Any CPU.Build.0 = Debug|Any CPU
		{21B02B8D-E5DF-4A15-BE8B-DEF25E8C8C5C}.Release|Any CPU.ActiveCfg = Release|Any CPU
		{21B02B8D-E5DF-4A15-BE8B-DEF25E8C8C5C}.Release|Any CPU.Build.0 = Release|Any CPU
		{D7B3A1C2-7417-45FE-8693-5B6F2544ABEE}.Debug|Any CPU.ActiveCfg = Debug|Any CPU
		{D7B3A1C2-7417-45FE-8693-5B6F2544ABEE}.Debug|Any CPU.Build.0 = Debug|Any CPU
		{D7B3A1C2-7417-45FE-8693-5B6F2544ABEE}.Release|Any CPU.ActiveCfg = Release|Any CPU
		{D7B3A1C2-7417-45FE-8693-5B6F2544ABEE}.Release|Any CPU.Build.0 = Release|Any CPU
		{81EB9E1F-7D46-41D9-9A5E-1E3284A9EC26}.Debug|Any CPU.ActiveCfg = Debug|Any CPU
		{81EB9E1F-7D46-41D9-9A5E-1E3284A9EC26}.Debug|Any CPU.Build.0 = Debug|Any CPU
		{81EB9E1F-7D46-41D9-9A5E-1E3284A9EC26}.Release|Any CPU.ActiveCfg = Release|Any CPU
		{81EB9E1F-7D46-41D9-9A5E-1E3284A9EC26}.Release|Any CPU.Build.0 = Release|Any CPU
		{6EDF07F2-0749-4081-A9FD-CB0A1C87AAF2}.Debug|Any CPU.ActiveCfg = Debug|Any CPU
		{6EDF07F2-0749-4081-A9FD-CB0A1C87AAF2}.Debug|Any CPU.Build.0 = Debug|Any CPU
		{6EDF07F2-0749-4081-A9FD-CB0A1C87AAF2}.Release|Any CPU.ActiveCfg = Release|Any CPU
		{6EDF07F2-0749-4081-A9FD-CB0A1C87AAF2}.Release|Any CPU.Build.0 = Release|Any CPU
		{78A6D452-4CE5-49A9-9DAA-095F38746D2F}.Debug|Any CPU.ActiveCfg = Debug|Any CPU
		{78A6D452-4CE5-49A9-9DAA-095F38746D2F}.Debug|Any CPU.Build.0 = Debug|Any CPU
		{78A6D452-4CE5-49A9-9DAA-095F38746D2F}.Release|Any CPU.ActiveCfg = Release|Any CPU
		{78A6D452-4CE5-49A9-9DAA-095F38746D2F}.Release|Any CPU.Build.0 = Release|Any CPU
		{F32231FC-6087-4481-9293-0EA27C0EFA9E}.Debug|Any CPU.ActiveCfg = Debug|Any CPU
		{F32231FC-6087-4481-9293-0EA27C0EFA9E}.Debug|Any CPU.Build.0 = Debug|Any CPU
		{F32231FC-6087-4481-9293-0EA27C0EFA9E}.Release|Any CPU.ActiveCfg = Release|Any CPU
		{F32231FC-6087-4481-9293-0EA27C0EFA9E}.Release|Any CPU.Build.0 = Release|Any CPU
		{555621C5-0D9E-418B-BCFF-DDF268C7ADC6}.Debug|Any CPU.ActiveCfg = Debug|Any CPU
		{555621C5-0D9E-418B-BCFF-DDF268C7ADC6}.Debug|Any CPU.Build.0 = Debug|Any CPU
		{555621C5-0D9E-418B-BCFF-DDF268C7ADC6}.Release|Any CPU.ActiveCfg = Release|Any CPU
		{555621C5-0D9E-418B-BCFF-DDF268C7ADC6}.Release|Any CPU.Build.0 = Release|Any CPU
		{CFAFD997-CAD6-48A9-8FDA-2825AE4E4B66}.Debug|Any CPU.ActiveCfg = Debug|Any CPU
		{CFAFD997-CAD6-48A9-8FDA-2825AE4E4B66}.Debug|Any CPU.Build.0 = Debug|Any CPU
		{CFAFD997-CAD6-48A9-8FDA-2825AE4E4B66}.Release|Any CPU.ActiveCfg = Release|Any CPU
		{CFAFD997-CAD6-48A9-8FDA-2825AE4E4B66}.Release|Any CPU.Build.0 = Release|Any CPU
		{E628D8AC-088E-48F7-8645-6BB42B693872}.Debug|Any CPU.ActiveCfg = Debug|Any CPU
		{E628D8AC-088E-48F7-8645-6BB42B693872}.Debug|Any CPU.Build.0 = Debug|Any CPU
		{E628D8AC-088E-48F7-8645-6BB42B693872}.Release|Any CPU.ActiveCfg = Release|Any CPU
		{E628D8AC-088E-48F7-8645-6BB42B693872}.Release|Any CPU.Build.0 = Release|Any CPU
		{54AE8287-ECE2-4ECE-9CD4-0DC3C9EDEE15}.Debug|Any CPU.ActiveCfg = Debug|Any CPU
		{54AE8287-ECE2-4ECE-9CD4-0DC3C9EDEE15}.Debug|Any CPU.Build.0 = Debug|Any CPU
		{54AE8287-ECE2-4ECE-9CD4-0DC3C9EDEE15}.Release|Any CPU.ActiveCfg = Release|Any CPU
		{54AE8287-ECE2-4ECE-9CD4-0DC3C9EDEE15}.Release|Any CPU.Build.0 = Release|Any CPU
		{CE5118BF-B5E2-48C1-BCF4-DC67A2F55BCC}.Debug|Any CPU.ActiveCfg = Debug|Any CPU
		{CE5118BF-B5E2-48C1-BCF4-DC67A2F55BCC}.Debug|Any CPU.Build.0 = Debug|Any CPU
		{CE5118BF-B5E2-48C1-BCF4-DC67A2F55BCC}.Release|Any CPU.ActiveCfg = Release|Any CPU
		{CE5118BF-B5E2-48C1-BCF4-DC67A2F55BCC}.Release|Any CPU.Build.0 = Release|Any CPU
		{00999646-E5AB-4F3B-853E-05017618DD83}.Debug|Any CPU.ActiveCfg = Debug|Any CPU
		{00999646-E5AB-4F3B-853E-05017618DD83}.Debug|Any CPU.Build.0 = Debug|Any CPU
		{00999646-E5AB-4F3B-853E-05017618DD83}.Release|Any CPU.ActiveCfg = Release|Any CPU
		{00999646-E5AB-4F3B-853E-05017618DD83}.Release|Any CPU.Build.0 = Release|Any CPU
		{97DC9BE7-D491-41AF-A575-848AD79B7191}.Debug|Any CPU.ActiveCfg = Debug|Any CPU
		{97DC9BE7-D491-41AF-A575-848AD79B7191}.Debug|Any CPU.Build.0 = Debug|Any CPU
		{97DC9BE7-D491-41AF-A575-848AD79B7191}.Release|Any CPU.ActiveCfg = Release|Any CPU
		{97DC9BE7-D491-41AF-A575-848AD79B7191}.Release|Any CPU.Build.0 = Release|Any CPU
		{62397E33-3EC6-4B8B-BFB6-0C48E961F7AB}.Debug|Any CPU.ActiveCfg = Debug|Any CPU
		{62397E33-3EC6-4B8B-BFB6-0C48E961F7AB}.Debug|Any CPU.Build.0 = Debug|Any CPU
		{62397E33-3EC6-4B8B-BFB6-0C48E961F7AB}.Release|Any CPU.ActiveCfg = Release|Any CPU
		{62397E33-3EC6-4B8B-BFB6-0C48E961F7AB}.Release|Any CPU.Build.0 = Release|Any CPU
		{DC681B86-97A8-4410-8ABA-A9AFC99B8C25}.Debug|Any CPU.ActiveCfg = Debug|Any CPU
		{DC681B86-97A8-4410-8ABA-A9AFC99B8C25}.Debug|Any CPU.Build.0 = Debug|Any CPU
		{DC681B86-97A8-4410-8ABA-A9AFC99B8C25}.Release|Any CPU.ActiveCfg = Release|Any CPU
		{DC681B86-97A8-4410-8ABA-A9AFC99B8C25}.Release|Any CPU.Build.0 = Release|Any CPU
		{C836AEFC-1E29-4901-B3EE-A06296EC94EE}.Debug|Any CPU.ActiveCfg = Debug|Any CPU
		{C836AEFC-1E29-4901-B3EE-A06296EC94EE}.Debug|Any CPU.Build.0 = Debug|Any CPU
		{C836AEFC-1E29-4901-B3EE-A06296EC94EE}.Release|Any CPU.ActiveCfg = Release|Any CPU
		{C836AEFC-1E29-4901-B3EE-A06296EC94EE}.Release|Any CPU.Build.0 = Release|Any CPU
		{75B2418D-22F1-447A-B95C-49233B864D31}.Debug|Any CPU.ActiveCfg = Debug|Any CPU
		{75B2418D-22F1-447A-B95C-49233B864D31}.Debug|Any CPU.Build.0 = Debug|Any CPU
		{75B2418D-22F1-447A-B95C-49233B864D31}.Release|Any CPU.ActiveCfg = Release|Any CPU
		{75B2418D-22F1-447A-B95C-49233B864D31}.Release|Any CPU.Build.0 = Release|Any CPU
		{973BD18A-86A0-4F55-A624-6F66519B12A6}.Debug|Any CPU.ActiveCfg = Debug|Any CPU
		{973BD18A-86A0-4F55-A624-6F66519B12A6}.Debug|Any CPU.Build.0 = Debug|Any CPU
		{973BD18A-86A0-4F55-A624-6F66519B12A6}.Release|Any CPU.ActiveCfg = Release|Any CPU
		{973BD18A-86A0-4F55-A624-6F66519B12A6}.Release|Any CPU.Build.0 = Release|Any CPU
		{F7B7F3B2-7A30-482A-A9A5-CCF3DAEB4A76}.Debug|Any CPU.ActiveCfg = Debug|Any CPU
		{F7B7F3B2-7A30-482A-A9A5-CCF3DAEB4A76}.Debug|Any CPU.Build.0 = Debug|Any CPU
		{F7B7F3B2-7A30-482A-A9A5-CCF3DAEB4A76}.Release|Any CPU.ActiveCfg = Release|Any CPU
		{F7B7F3B2-7A30-482A-A9A5-CCF3DAEB4A76}.Release|Any CPU.Build.0 = Release|Any CPU
		{29D705AE-0C96-433D-ACF5-0A37B095DF28}.Debug|Any CPU.ActiveCfg = Debug|Any CPU
		{29D705AE-0C96-433D-ACF5-0A37B095DF28}.Debug|Any CPU.Build.0 = Debug|Any CPU
		{29D705AE-0C96-433D-ACF5-0A37B095DF28}.Release|Any CPU.ActiveCfg = Release|Any CPU
		{29D705AE-0C96-433D-ACF5-0A37B095DF28}.Release|Any CPU.Build.0 = Release|Any CPU
		{DCEF54FB-E227-4992-8FDF-4BC7AAD69154}.Debug|Any CPU.ActiveCfg = Debug|Any CPU
		{DCEF54FB-E227-4992-8FDF-4BC7AAD69154}.Debug|Any CPU.Build.0 = Debug|Any CPU
		{DCEF54FB-E227-4992-8FDF-4BC7AAD69154}.Release|Any CPU.ActiveCfg = Release|Any CPU
		{DCEF54FB-E227-4992-8FDF-4BC7AAD69154}.Release|Any CPU.Build.0 = Release|Any CPU
		{C2647AED-0576-4C04-821D-18D3C1086EE4}.Debug|Any CPU.ActiveCfg = Debug|Any CPU
		{C2647AED-0576-4C04-821D-18D3C1086EE4}.Debug|Any CPU.Build.0 = Debug|Any CPU
		{C2647AED-0576-4C04-821D-18D3C1086EE4}.Release|Any CPU.ActiveCfg = Release|Any CPU
		{C2647AED-0576-4C04-821D-18D3C1086EE4}.Release|Any CPU.Build.0 = Release|Any CPU
		{78F48946-B740-4D5F-9BD9-7F91B1AC3C73}.Debug|Any CPU.ActiveCfg = Debug|Any CPU
		{78F48946-B740-4D5F-9BD9-7F91B1AC3C73}.Debug|Any CPU.Build.0 = Debug|Any CPU
		{78F48946-B740-4D5F-9BD9-7F91B1AC3C73}.Release|Any CPU.ActiveCfg = Release|Any CPU
		{78F48946-B740-4D5F-9BD9-7F91B1AC3C73}.Release|Any CPU.Build.0 = Release|Any CPU
		{435207BC-6ABF-4E71-8E9F-E5D12228A5CF}.Debug|Any CPU.ActiveCfg = Debug|Any CPU
		{435207BC-6ABF-4E71-8E9F-E5D12228A5CF}.Debug|Any CPU.Build.0 = Debug|Any CPU
		{435207BC-6ABF-4E71-8E9F-E5D12228A5CF}.Release|Any CPU.ActiveCfg = Release|Any CPU
		{435207BC-6ABF-4E71-8E9F-E5D12228A5CF}.Release|Any CPU.Build.0 = Release|Any CPU
		{68FDB266-6AC3-4418-833A-CC84067DF737}.Debug|Any CPU.ActiveCfg = Debug|Any CPU
		{68FDB266-6AC3-4418-833A-CC84067DF737}.Debug|Any CPU.Build.0 = Debug|Any CPU
		{68FDB266-6AC3-4418-833A-CC84067DF737}.Release|Any CPU.ActiveCfg = Release|Any CPU
		{68FDB266-6AC3-4418-833A-CC84067DF737}.Release|Any CPU.Build.0 = Release|Any CPU
		{297E5DAF-9B29-4249-8DD1-85A6012E58BE}.Debug|Any CPU.ActiveCfg = Debug|Any CPU
		{297E5DAF-9B29-4249-8DD1-85A6012E58BE}.Debug|Any CPU.Build.0 = Debug|Any CPU
		{297E5DAF-9B29-4249-8DD1-85A6012E58BE}.Release|Any CPU.ActiveCfg = Release|Any CPU
		{297E5DAF-9B29-4249-8DD1-85A6012E58BE}.Release|Any CPU.Build.0 = Release|Any CPU
		{CA332462-763C-4AF7-9FEB-B45122A93514}.Debug|Any CPU.ActiveCfg = Debug|Any CPU
		{CA332462-763C-4AF7-9FEB-B45122A93514}.Debug|Any CPU.Build.0 = Debug|Any CPU
		{CA332462-763C-4AF7-9FEB-B45122A93514}.Release|Any CPU.ActiveCfg = Release|Any CPU
		{CA332462-763C-4AF7-9FEB-B45122A93514}.Release|Any CPU.Build.0 = Release|Any CPU
		{F816A557-0B64-435E-BD66-25182664E4D4}.Debug|Any CPU.ActiveCfg = Debug|Any CPU
		{F816A557-0B64-435E-BD66-25182664E4D4}.Debug|Any CPU.Build.0 = Debug|Any CPU
		{F816A557-0B64-435E-BD66-25182664E4D4}.Release|Any CPU.ActiveCfg = Release|Any CPU
		{F816A557-0B64-435E-BD66-25182664E4D4}.Release|Any CPU.Build.0 = Release|Any CPU
		{35F68E59-3F8C-495C-A10F-780FD9942384}.Debug|Any CPU.ActiveCfg = Debug|Any CPU
		{35F68E59-3F8C-495C-A10F-780FD9942384}.Debug|Any CPU.Build.0 = Debug|Any CPU
		{35F68E59-3F8C-495C-A10F-780FD9942384}.Release|Any CPU.ActiveCfg = Release|Any CPU
		{35F68E59-3F8C-495C-A10F-780FD9942384}.Release|Any CPU.Build.0 = Release|Any CPU
		{70612DC5-2B40-18B0-CC06-16447F5E0FB2}.Debug|Any CPU.ActiveCfg = Debug|Any CPU
		{70612DC5-2B40-18B0-CC06-16447F5E0FB2}.Debug|Any CPU.Build.0 = Debug|Any CPU
		{70612DC5-2B40-18B0-CC06-16447F5E0FB2}.Release|Any CPU.ActiveCfg = Release|Any CPU
		{70612DC5-2B40-18B0-CC06-16447F5E0FB2}.Release|Any CPU.Build.0 = Release|Any CPU
		{657323D3-C72C-0372-5353-A1670B905F22}.Debug|Any CPU.ActiveCfg = Debug|Any CPU
		{657323D3-C72C-0372-5353-A1670B905F22}.Debug|Any CPU.Build.0 = Debug|Any CPU
		{657323D3-C72C-0372-5353-A1670B905F22}.Release|Any CPU.ActiveCfg = Release|Any CPU
		{657323D3-C72C-0372-5353-A1670B905F22}.Release|Any CPU.Build.0 = Release|Any CPU
		{4510347E-C3CD-9034-E372-BD935FD8738D}.Debug|Any CPU.ActiveCfg = Debug|Any CPU
		{4510347E-C3CD-9034-E372-BD935FD8738D}.Debug|Any CPU.Build.0 = Debug|Any CPU
		{4510347E-C3CD-9034-E372-BD935FD8738D}.Release|Any CPU.ActiveCfg = Release|Any CPU
		{4510347E-C3CD-9034-E372-BD935FD8738D}.Release|Any CPU.Build.0 = Release|Any CPU
		{D1C95CA5-F9D6-6B67-4715-2D21579309F3}.Debug|Any CPU.ActiveCfg = Debug|Any CPU
		{D1C95CA5-F9D6-6B67-4715-2D21579309F3}.Debug|Any CPU.Build.0 = Debug|Any CPU
		{D1C95CA5-F9D6-6B67-4715-2D21579309F3}.Release|Any CPU.ActiveCfg = Release|Any CPU
		{D1C95CA5-F9D6-6B67-4715-2D21579309F3}.Release|Any CPU.Build.0 = Release|Any CPU
		{581FF766-E335-EE34-35D0-2648FC4D3CC1}.Debug|Any CPU.ActiveCfg = Debug|Any CPU
		{581FF766-E335-EE34-35D0-2648FC4D3CC1}.Debug|Any CPU.Build.0 = Debug|Any CPU
		{581FF766-E335-EE34-35D0-2648FC4D3CC1}.Release|Any CPU.ActiveCfg = Release|Any CPU
		{581FF766-E335-EE34-35D0-2648FC4D3CC1}.Release|Any CPU.Build.0 = Release|Any CPU
		{4D6FF44F-D7D8-5608-CBBF-A7C906C7EB50}.Debug|Any CPU.ActiveCfg = Debug|Any CPU
		{4D6FF44F-D7D8-5608-CBBF-A7C906C7EB50}.Debug|Any CPU.Build.0 = Debug|Any CPU
		{4D6FF44F-D7D8-5608-CBBF-A7C906C7EB50}.Release|Any CPU.ActiveCfg = Release|Any CPU
		{4D6FF44F-D7D8-5608-CBBF-A7C906C7EB50}.Release|Any CPU.Build.0 = Release|Any CPU
		{4152E4AE-9470-460D-8A11-D83CA0931D78}.Debug|Any CPU.ActiveCfg = Debug|Any CPU
		{4152E4AE-9470-460D-8A11-D83CA0931D78}.Debug|Any CPU.Build.0 = Debug|Any CPU
		{4152E4AE-9470-460D-8A11-D83CA0931D78}.Release|Any CPU.ActiveCfg = Release|Any CPU
		{4152E4AE-9470-460D-8A11-D83CA0931D78}.Release|Any CPU.Build.0 = Release|Any CPU
		{5A53D276-3C45-0C43-BD2D-194CB93BD5C4}.Debug|Any CPU.ActiveCfg = Debug|Any CPU
		{5A53D276-3C45-0C43-BD2D-194CB93BD5C4}.Debug|Any CPU.Build.0 = Debug|Any CPU
		{5A53D276-3C45-0C43-BD2D-194CB93BD5C4}.Release|Any CPU.ActiveCfg = Release|Any CPU
		{5A53D276-3C45-0C43-BD2D-194CB93BD5C4}.Release|Any CPU.Build.0 = Release|Any CPU
		{934A2FAB-3AEF-3A58-19D4-DABC238218FE}.Debug|Any CPU.ActiveCfg = Debug|Any CPU
		{934A2FAB-3AEF-3A58-19D4-DABC238218FE}.Debug|Any CPU.Build.0 = Debug|Any CPU
		{934A2FAB-3AEF-3A58-19D4-DABC238218FE}.Release|Any CPU.ActiveCfg = Release|Any CPU
		{934A2FAB-3AEF-3A58-19D4-DABC238218FE}.Release|Any CPU.Build.0 = Release|Any CPU
		{55FA1428-DD3A-2F2B-74DD-4C7F1F7D7CEC}.Debug|Any CPU.ActiveCfg = Debug|Any CPU
		{55FA1428-DD3A-2F2B-74DD-4C7F1F7D7CEC}.Debug|Any CPU.Build.0 = Debug|Any CPU
		{55FA1428-DD3A-2F2B-74DD-4C7F1F7D7CEC}.Release|Any CPU.ActiveCfg = Release|Any CPU
		{55FA1428-DD3A-2F2B-74DD-4C7F1F7D7CEC}.Release|Any CPU.Build.0 = Release|Any CPU
	EndGlobalSection
	GlobalSection(SolutionProperties) = preSolution
		HideSolutionNode = FALSE
	EndGlobalSection
	GlobalSection(NestedProjects) = preSolution
		{3788051A-9941-4C44-9E4C-BC073F69DD2F} = {FAFF233D-FB99-4FA7-A412-E58ED97CE3C2}
		{5BDC25FC-0304-43A5-B54F-6023F0E52821} = {FAFF233D-FB99-4FA7-A412-E58ED97CE3C2}
		{2A107B89-703B-4FC1-B7CA-1EE63FC05110} = {FAFF233D-FB99-4FA7-A412-E58ED97CE3C2}
		{078B2629-18C4-4290-A55F-ED3627FF5896} = {FAFF233D-FB99-4FA7-A412-E58ED97CE3C2}
		{34F309DE-8B9F-468D-B8DE-63B6766998E1} = {3788051A-9941-4C44-9E4C-BC073F69DD2F}
		{18F24456-D139-449E-8168-6589999945E5} = {3788051A-9941-4C44-9E4C-BC073F69DD2F}
		{A7304446-FE6B-444D-B901-62C33991F440} = {3788051A-9941-4C44-9E4C-BC073F69DD2F}
		{6E6E081E-5D32-466B-B179-7D49A75527C9} = {3788051A-9941-4C44-9E4C-BC073F69DD2F}
		{0617D182-90C7-4F8C-BA35-E09E8E8A9361} = {3788051A-9941-4C44-9E4C-BC073F69DD2F}
		{4A33F57C-F1A0-4FF7-BA18-EC03DD99D75B} = {3788051A-9941-4C44-9E4C-BC073F69DD2F}
		{29A88E7E-C926-456E-92FB-7BEA70288EC1} = {3788051A-9941-4C44-9E4C-BC073F69DD2F}
		{2023C930-9BC9-4759-9DC2-A0AF0807A1F8} = {3788051A-9941-4C44-9E4C-BC073F69DD2F}
		{8C66FD3C-46D5-44FD-AC28-D675CFFB51CB} = {3788051A-9941-4C44-9E4C-BC073F69DD2F}
		{6AF71AEB-A3BD-4B84-81CD-2B91942AD144} = {5BDC25FC-0304-43A5-B54F-6023F0E52821}
		{C61C6D19-C469-49AE-9CE9-409716BFB647} = {5BDC25FC-0304-43A5-B54F-6023F0E52821}
		{D103BB08-D7CF-469F-82B4-C4B89450CE5C} = {5BDC25FC-0304-43A5-B54F-6023F0E52821}
		{21B02B8D-E5DF-4A15-BE8B-DEF25E8C8C5C} = {5BDC25FC-0304-43A5-B54F-6023F0E52821}
		{D7B3A1C2-7417-45FE-8693-5B6F2544ABEE} = {5BDC25FC-0304-43A5-B54F-6023F0E52821}
		{81EB9E1F-7D46-41D9-9A5E-1E3284A9EC26} = {5BDC25FC-0304-43A5-B54F-6023F0E52821}
		{6EDF07F2-0749-4081-A9FD-CB0A1C87AAF2} = {5BDC25FC-0304-43A5-B54F-6023F0E52821}
		{78A6D452-4CE5-49A9-9DAA-095F38746D2F} = {5BDC25FC-0304-43A5-B54F-6023F0E52821}
		{F32231FC-6087-4481-9293-0EA27C0EFA9E} = {5BDC25FC-0304-43A5-B54F-6023F0E52821}
		{555621C5-0D9E-418B-BCFF-DDF268C7ADC6} = {5BDC25FC-0304-43A5-B54F-6023F0E52821}
		{CFAFD997-CAD6-48A9-8FDA-2825AE4E4B66} = {2A107B89-703B-4FC1-B7CA-1EE63FC05110}
		{E628D8AC-088E-48F7-8645-6BB42B693872} = {2A107B89-703B-4FC1-B7CA-1EE63FC05110}
		{54AE8287-ECE2-4ECE-9CD4-0DC3C9EDEE15} = {2A107B89-703B-4FC1-B7CA-1EE63FC05110}
		{CE5118BF-B5E2-48C1-BCF4-DC67A2F55BCC} = {2A107B89-703B-4FC1-B7CA-1EE63FC05110}
		{00999646-E5AB-4F3B-853E-05017618DD83} = {2A107B89-703B-4FC1-B7CA-1EE63FC05110}
		{97DC9BE7-D491-41AF-A575-848AD79B7191} = {2A107B89-703B-4FC1-B7CA-1EE63FC05110}
		{62397E33-3EC6-4B8B-BFB6-0C48E961F7AB} = {2A107B89-703B-4FC1-B7CA-1EE63FC05110}
		{DC681B86-97A8-4410-8ABA-A9AFC99B8C25} = {2A107B89-703B-4FC1-B7CA-1EE63FC05110}
		{C836AEFC-1E29-4901-B3EE-A06296EC94EE} = {2A107B89-703B-4FC1-B7CA-1EE63FC05110}
		{75B2418D-22F1-447A-B95C-49233B864D31} = {2A107B89-703B-4FC1-B7CA-1EE63FC05110}
		{973BD18A-86A0-4F55-A624-6F66519B12A6} = {3788051A-9941-4C44-9E4C-BC073F69DD2F}
		{4792F5F1-BDD8-431B-828E-0035791CF035} = {FAFF233D-FB99-4FA7-A412-E58ED97CE3C2}
		{29D705AE-0C96-433D-ACF5-0A37B095DF28} = {4792F5F1-BDD8-431B-828E-0035791CF035}
		{DCEF54FB-E227-4992-8FDF-4BC7AAD69154} = {4792F5F1-BDD8-431B-828E-0035791CF035}
		{C2647AED-0576-4C04-821D-18D3C1086EE4} = {4792F5F1-BDD8-431B-828E-0035791CF035}
		{78F48946-B740-4D5F-9BD9-7F91B1AC3C73} = {4792F5F1-BDD8-431B-828E-0035791CF035}
		{435207BC-6ABF-4E71-8E9F-E5D12228A5CF} = {4792F5F1-BDD8-431B-828E-0035791CF035}
		{68FDB266-6AC3-4418-833A-CC84067DF737} = {4792F5F1-BDD8-431B-828E-0035791CF035}
		{297E5DAF-9B29-4249-8DD1-85A6012E58BE} = {4792F5F1-BDD8-431B-828E-0035791CF035}
		{CA332462-763C-4AF7-9FEB-B45122A93514} = {4792F5F1-BDD8-431B-828E-0035791CF035}
		{F816A557-0B64-435E-BD66-25182664E4D4} = {4792F5F1-BDD8-431B-828E-0035791CF035}
		{35F68E59-3F8C-495C-A10F-780FD9942384} = {4792F5F1-BDD8-431B-828E-0035791CF035}
		{02EA681E-C7D8-13C7-8484-4AC65E1B71E8} = {FAFF233D-FB99-4FA7-A412-E58ED97CE3C2}
		{70612DC5-2B40-18B0-CC06-16447F5E0FB2} = {02EA681E-C7D8-13C7-8484-4AC65E1B71E8}
		{657323D3-C72C-0372-5353-A1670B905F22} = {02EA681E-C7D8-13C7-8484-4AC65E1B71E8}
		{4510347E-C3CD-9034-E372-BD935FD8738D} = {02EA681E-C7D8-13C7-8484-4AC65E1B71E8}
		{D1C95CA5-F9D6-6B67-4715-2D21579309F3} = {02EA681E-C7D8-13C7-8484-4AC65E1B71E8}
		{581FF766-E335-EE34-35D0-2648FC4D3CC1} = {02EA681E-C7D8-13C7-8484-4AC65E1B71E8}
		{4D6FF44F-D7D8-5608-CBBF-A7C906C7EB50} = {02EA681E-C7D8-13C7-8484-4AC65E1B71E8}
		{4152E4AE-9470-460D-8A11-D83CA0931D78} = {02EA681E-C7D8-13C7-8484-4AC65E1B71E8}
		{5A53D276-3C45-0C43-BD2D-194CB93BD5C4} = {02EA681E-C7D8-13C7-8484-4AC65E1B71E8}
		{934A2FAB-3AEF-3A58-19D4-DABC238218FE} = {02EA681E-C7D8-13C7-8484-4AC65E1B71E8}
		{55FA1428-DD3A-2F2B-74DD-4C7F1F7D7CEC} = {02EA681E-C7D8-13C7-8484-4AC65E1B71E8}
	EndGlobalSection
	GlobalSection(ExtensibilityGlobals) = postSolution
		SolutionGuid = {65CAA504-F611-4706-99C4-A400709A871D}
	EndGlobalSection
EndGlobal
